
Microsoft Visual Studio Solution File, Format Version 12.00
# Visual Studio 14
VisualStudioVersion = 14.0.25420.1
MinimumVisualStudioVersion = 10.0.40219.1
Project("{2150E333-8FDC-42A3-9474-1A3956D46DE8}") = "Client", "Client", "{946FC9C0-1A9F-4266-A13E-B0C7EA9B0CB8}"
EndProject
Project("{2150E333-8FDC-42A3-9474-1A3956D46DE8}") = "ClientProxies", "ClientProxies", "{140510CF-8516-41B3-871F-BA4905097BD1}"
EndProject
Project("{2150E333-8FDC-42A3-9474-1A3956D46DE8}") = "Desktop", "Desktop", "{980DFA67-60BF-40A5-A9B7-A7E0523B0355}"
EndProject
Project("{2150E333-8FDC-42A3-9474-1A3956D46DE8}") = "Android", "Android", "{B45C0D84-C61A-465B-9735-B7B75F442F78}"
EndProject
Project("{2150E333-8FDC-42A3-9474-1A3956D46DE8}") = "IOS", "IOS", "{A0522B50-440E-428C-8B9B-0D05EC3914D2}"
EndProject
Project("{2150E333-8FDC-42A3-9474-1A3956D46DE8}") = "Browser", "Browser", "{19CA0F7C-B318-4AD9-9511-292FB7CC989F}"
EndProject
Project("{2150E333-8FDC-42A3-9474-1A3956D46DE8}") = "Service", "Service", "{740C64E3-6F2C-4840-A52A-06254202F29F}"
EndProject
Project("{2150E333-8FDC-42A3-9474-1A3956D46DE8}") = "Cloud", "Cloud", "{E8B1A94B-8641-41AB-8392-77C301EB654A}"
EndProject
Project("{FAE04EC0-301F-11D3-BF4B-00C04F79EFBC}") = "CloudTest", "Cloud\CloudTest\CloudTest.csproj", "{2F4A4445-4076-4E2D-80D9-FCAEB04A18D1}"
EndProject
Project("{FAE04EC0-301F-11D3-BF4B-00C04F79EFBC}") = "Demo.Amazon", "Cloud\Demo.Amazon\Demo.Amazon.csproj", "{CF295C58-7C4A-414E-AFDF-614452D56638}"
EndProject
Project("{2150E333-8FDC-42A3-9474-1A3956D46DE8}") = "Proxy.Base", "Proxy.Base", "{618EF724-AD15-4413-973D-8378A00B59BD}"
EndProject
Project("{FAE04EC0-301F-11D3-BF4B-00C04F79EFBC}") = "Proxy.Base", "Services\ClientProxies\Proxy.Base\Proxy.Base.csproj", "{69C88581-6699-45D6-89A7-0CA643911E4F}"
EndProject
Project("{FAE04EC0-301F-11D3-BF4B-00C04F79EFBC}") = "App.TechPedia.Common", "Services\App.TechPedia.Common\App.TechPedia.Common.csproj", "{318F9114-0D93-4483-81B7-7E2801A96CE4}"
EndProject
Project("{FAE04EC0-301F-11D3-BF4B-00C04F79EFBC}") = "App.TechPedia.DataAccessLayer", "Services\App.TechPedia.DataAccessLayer\App.TechPedia.DataAccessLayer.csproj", "{34122B5D-5217-47CE-AF87-9A1FD8889ADE}"
EndProject
Project("{FAE04EC0-301F-11D3-BF4B-00C04F79EFBC}") = "App.TechPedia", "Client\Desktop\App.TechPedia.csproj", "{4C618327-DA83-438E-BB0D-448A770933C3}"
EndProject
Global
	GlobalSection(SolutionConfigurationPlatforms) = preSolution
		Debug|Any CPU = Debug|Any CPU
		Release|Any CPU = Release|Any CPU
	EndGlobalSection
	GlobalSection(ProjectConfigurationPlatforms) = postSolution
		{2F4A4445-4076-4E2D-80D9-FCAEB04A18D1}.Debug|Any CPU.ActiveCfg = Debug|Any CPU
		{2F4A4445-4076-4E2D-80D9-FCAEB04A18D1}.Debug|Any CPU.Build.0 = Debug|Any CPU
		{2F4A4445-4076-4E2D-80D9-FCAEB04A18D1}.Release|Any CPU.ActiveCfg = Release|Any CPU
		{2F4A4445-4076-4E2D-80D9-FCAEB04A18D1}.Release|Any CPU.Build.0 = Release|Any CPU
		{CF295C58-7C4A-414E-AFDF-614452D56638}.Debug|Any CPU.ActiveCfg = Debug|Any CPU
		{CF295C58-7C4A-414E-AFDF-614452D56638}.Debug|Any CPU.Build.0 = Debug|Any CPU
		{CF295C58-7C4A-414E-AFDF-614452D56638}.Release|Any CPU.ActiveCfg = Release|Any CPU
		{CF295C58-7C4A-414E-AFDF-614452D56638}.Release|Any CPU.Build.0 = Release|Any CPU
		{69C88581-6699-45D6-89A7-0CA643911E4F}.Debug|Any CPU.ActiveCfg = Debug|Any CPU
		{69C88581-6699-45D6-89A7-0CA643911E4F}.Debug|Any CPU.Build.0 = Debug|Any CPU
		{69C88581-6699-45D6-89A7-0CA643911E4F}.Release|Any CPU.ActiveCfg = Release|Any CPU
		{69C88581-6699-45D6-89A7-0CA643911E4F}.Release|Any CPU.Build.0 = Release|Any CPU
		{318F9114-0D93-4483-81B7-7E2801A96CE4}.Debug|Any CPU.ActiveCfg = Debug|Any CPU
		{318F9114-0D93-4483-81B7-7E2801A96CE4}.Debug|Any CPU.Build.0 = Debug|Any CPU
		{318F9114-0D93-4483-81B7-7E2801A96CE4}.Release|Any CPU.ActiveCfg = Release|Any CPU
		{318F9114-0D93-4483-81B7-7E2801A96CE4}.Release|Any CPU.Build.0 = Release|Any CPU
		{34122B5D-5217-47CE-AF87-9A1FD8889ADE}.Debug|Any CPU.ActiveCfg = Debug|Any CPU
		{34122B5D-5217-47CE-AF87-9A1FD8889ADE}.Debug|Any CPU.Build.0 = Debug|Any CPU
		{34122B5D-5217-47CE-AF87-9A1FD8889ADE}.Release|Any CPU.ActiveCfg = Release|Any CPU
		{34122B5D-5217-47CE-AF87-9A1FD8889ADE}.Release|Any CPU.Build.0 = Release|Any CPU
		{4C618327-DA83-438E-BB0D-448A770933C3}.Debug|Any CPU.ActiveCfg = Debug|Any CPU
		{4C618327-DA83-438E-BB0D-448A770933C3}.Debug|Any CPU.Build.0 = Debug|Any CPU
		{4C618327-DA83-438E-BB0D-448A770933C3}.Release|Any CPU.ActiveCfg = Release|Any CPU
		{4C618327-DA83-438E-BB0D-448A770933C3}.Release|Any CPU.Build.0 = Release|Any CPU
	EndGlobalSection
	GlobalSection(SolutionProperties) = preSolution
		HideSolutionNode = FALSE
	EndGlobalSection
	GlobalSection(NestedProjects) = preSolution
		{140510CF-8516-41B3-871F-BA4905097BD1} = {740C64E3-6F2C-4840-A52A-06254202F29F}
		{980DFA67-60BF-40A5-A9B7-A7E0523B0355} = {946FC9C0-1A9F-4266-A13E-B0C7EA9B0CB8}
		{B45C0D84-C61A-465B-9735-B7B75F442F78} = {946FC9C0-1A9F-4266-A13E-B0C7EA9B0CB8}
		{A0522B50-440E-428C-8B9B-0D05EC3914D2} = {946FC9C0-1A9F-4266-A13E-B0C7EA9B0CB8}
		{19CA0F7C-B318-4AD9-9511-292FB7CC989F} = {946FC9C0-1A9F-4266-A13E-B0C7EA9B0CB8}
		{2F4A4445-4076-4E2D-80D9-FCAEB04A18D1} = {E8B1A94B-8641-41AB-8392-77C301EB654A}
		{CF295C58-7C4A-414E-AFDF-614452D56638} = {E8B1A94B-8641-41AB-8392-77C301EB654A}
		{618EF724-AD15-4413-973D-8378A00B59BD} = {140510CF-8516-41B3-871F-BA4905097BD1}
		{69C88581-6699-45D6-89A7-0CA643911E4F} = {618EF724-AD15-4413-973D-8378A00B59BD}
		{318F9114-0D93-4483-81B7-7E2801A96CE4} = {740C64E3-6F2C-4840-A52A-06254202F29F}
		{34122B5D-5217-47CE-AF87-9A1FD8889ADE} = {740C64E3-6F2C-4840-A52A-06254202F29F}
		{4C618327-DA83-438E-BB0D-448A770933C3} = {980DFA67-60BF-40A5-A9B7-A7E0523B0355}
	EndGlobalSection
EndGlobal
